
Microsoft Visual Studio Solution File, Format Version 12.00
# Visual Studio 2013
VisualStudioVersion = 12.0.21005.1
MinimumVisualStudioVersion = 10.0.40219.1
Project("{FAE04EC0-301F-11D3-BF4B-00C04F79EFBC}") = "DatabaseManager.UI", "DatabaseManager.UI\DatabaseManager.UI.csproj", "{F90F3C55-F3A3-426C-BB96-A34876362B6A}"
EndProject
Project("{FAE04EC0-301F-11D3-BF4B-00C04F79EFBC}") = "DatabaseManager.Models", "DatabaseManager.Models\DatabaseManager.Models.csproj", "{3C6474B7-0C01-4364-A291-6657CCA8CD8D}"
EndProject
Project("{FAE04EC0-301F-11D3-BF4B-00C04F79EFBC}") = "DatabaseManager.Data", "DatabaseManager.Data\DatabaseManager.Data.csproj", "{8032705E-C350-4C1D-A872-D4A1E2F7A032}"
EndProject
Project("{FAE04EC0-301F-11D3-BF4B-00C04F79EFBC}") = "DatabaseManager.ImportSalesData", "DatabaseManager.ImportSalesData\DatabaseManager.ImportSalesData.csproj", "{6705E4C0-CBE7-4EDF-AB30-70E6039D5A33}"
EndProject
Project("{FAE04EC0-301F-11D3-BF4B-00C04F79EFBC}") = "DatabaseManager.SalesReports", "DatabaseManager.SalesReports\DatabaseManager.SalesReports.csproj", "{31598CA7-7E56-4D95-93F3-A019C7CDC8CA}"
EndProject
Project("{FAE04EC0-301F-11D3-BF4B-00C04F79EFBC}") = "DatabaseManager.XML", "DatabaseManager.XML\DatabaseManager.XML.csproj", "{4E27F81E-1B3F-4214-9F7F-B07A4A3837D1}"
EndProject
Global
	GlobalSection(SolutionConfigurationPlatforms) = preSolution
		Debug|Any CPU = Debug|Any CPU
		Debug|Mixed Platforms = Debug|Mixed Platforms
		Debug|x86 = Debug|x86
		Release|Any CPU = Release|Any CPU
		Release|Mixed Platforms = Release|Mixed Platforms
		Release|x86 = Release|x86
	EndGlobalSection
	GlobalSection(ProjectConfigurationPlatforms) = postSolution
		{F90F3C55-F3A3-426C-BB96-A34876362B6A}.Debug|Any CPU.ActiveCfg = Debug|Any CPU
		{F90F3C55-F3A3-426C-BB96-A34876362B6A}.Debug|Any CPU.Build.0 = Debug|Any CPU
		{F90F3C55-F3A3-426C-BB96-A34876362B6A}.Debug|Mixed Platforms.ActiveCfg = Debug|Any CPU
		{F90F3C55-F3A3-426C-BB96-A34876362B6A}.Debug|Mixed Platforms.Build.0 = Debug|Any CPU
		{F90F3C55-F3A3-426C-BB96-A34876362B6A}.Debug|x86.ActiveCfg = Debug|Any CPU
		{F90F3C55-F3A3-426C-BB96-A34876362B6A}.Release|Any CPU.ActiveCfg = Release|Any CPU
		{F90F3C55-F3A3-426C-BB96-A34876362B6A}.Release|Any CPU.Build.0 = Release|Any CPU
		{F90F3C55-F3A3-426C-BB96-A34876362B6A}.Release|Mixed Platforms.ActiveCfg = Release|Any CPU
		{F90F3C55-F3A3-426C-BB96-A34876362B6A}.Release|Mixed Platforms.Build.0 = Release|Any CPU
		{F90F3C55-F3A3-426C-BB96-A34876362B6A}.Release|x86.ActiveCfg = Release|Any CPU
		{3C6474B7-0C01-4364-A291-6657CCA8CD8D}.Debug|Any CPU.ActiveCfg = Debug|Any CPU
		{3C6474B7-0C01-4364-A291-6657CCA8CD8D}.Debug|Any CPU.Build.0 = Debug|Any CPU
		{3C6474B7-0C01-4364-A291-6657CCA8CD8D}.Debug|Mixed Platforms.ActiveCfg = Debug|Any CPU
		{3C6474B7-0C01-4364-A291-6657CCA8CD8D}.Debug|Mixed Platforms.Build.0 = Debug|Any CPU
		{3C6474B7-0C01-4364-A291-6657CCA8CD8D}.Debug|x86.ActiveCfg = Debug|Any CPU
		{3C6474B7-0C01-4364-A291-6657CCA8CD8D}.Release|Any CPU.ActiveCfg = Release|Any CPU
		{3C6474B7-0C01-4364-A291-6657CCA8CD8D}.Release|Any CPU.Build.0 = Release|Any CPU
		{3C6474B7-0C01-4364-A291-6657CCA8CD8D}.Release|Mixed Platforms.ActiveCfg = Release|Any CPU
		{3C6474B7-0C01-4364-A291-6657CCA8CD8D}.Release|Mixed Platforms.Build.0 = Release|Any CPU
		{3C6474B7-0C01-4364-A291-6657CCA8CD8D}.Release|x86.ActiveCfg = Release|Any CPU
		{8032705E-C350-4C1D-A872-D4A1E2F7A032}.Debug|Any CPU.ActiveCfg = Debug|Any CPU
		{8032705E-C350-4C1D-A872-D4A1E2F7A032}.Debug|Any CPU.Build.0 = Debug|Any CPU
		{8032705E-C350-4C1D-A872-D4A1E2F7A032}.Debug|Mixed Platforms.ActiveCfg = Debug|Any CPU
		{8032705E-C350-4C1D-A872-D4A1E2F7A032}.Debug|Mixed Platforms.Build.0 = Debug|Any CPU
		{8032705E-C350-4C1D-A872-D4A1E2F7A032}.Debug|x86.ActiveCfg = Debug|Any CPU
		{8032705E-C350-4C1D-A872-D4A1E2F7A032}.Release|Any CPU.ActiveCfg = Release|Any CPU
		{8032705E-C350-4C1D-A872-D4A1E2F7A032}.Release|Any CPU.Build.0 = Release|Any CPU
		{8032705E-C350-4C1D-A872-D4A1E2F7A032}.Release|Mixed Platforms.ActiveCfg = Release|Any CPU
		{8032705E-C350-4C1D-A872-D4A1E2F7A032}.Release|Mixed Platforms.Build.0 = Release|Any CPU
		{8032705E-C350-4C1D-A872-D4A1E2F7A032}.Release|x86.ActiveCfg = Release|Any CPU
		{6705E4C0-CBE7-4EDF-AB30-70E6039D5A33}.Debug|Any CPU.ActiveCfg = Debug|Any CPU
		{6705E4C0-CBE7-4EDF-AB30-70E6039D5A33}.Debug|Any CPU.Build.0 = Debug|Any CPU
		{6705E4C0-CBE7-4EDF-AB30-70E6039D5A33}.Debug|Mixed Platforms.ActiveCfg = Debug|Any CPU
		{6705E4C0-CBE7-4EDF-AB30-70E6039D5A33}.Debug|Mixed Platforms.Build.0 = Debug|Any CPU
		{6705E4C0-CBE7-4EDF-AB30-70E6039D5A33}.Debug|x86.ActiveCfg = Debug|Any CPU
		{6705E4C0-CBE7-4EDF-AB30-70E6039D5A33}.Release|Any CPU.ActiveCfg = Release|Any CPU
		{6705E4C0-CBE7-4EDF-AB30-70E6039D5A33}.Release|Any CPU.Build.0 = Release|Any CPU
		{6705E4C0-CBE7-4EDF-AB30-70E6039D5A33}.Release|Mixed Platforms.ActiveCfg = Release|Any CPU
		{6705E4C0-CBE7-4EDF-AB30-70E6039D5A33}.Release|Mixed Platforms.Build.0 = Release|Any CPU
		{6705E4C0-CBE7-4EDF-AB30-70E6039D5A33}.Release|x86.ActiveCfg = Release|Any CPU
		{31598CA7-7E56-4D95-93F3-A019C7CDC8CA}.Debug|Any CPU.ActiveCfg = Debug|Any CPU
		{31598CA7-7E56-4D95-93F3-A019C7CDC8CA}.Debug|Any CPU.Build.0 = Debug|Any CPU
		{31598CA7-7E56-4D95-93F3-A019C7CDC8CA}.Debug|Mixed Platforms.ActiveCfg = Debug|Any CPU
		{31598CA7-7E56-4D95-93F3-A019C7CDC8CA}.Debug|Mixed Platforms.Build.0 = Debug|Any CPU
		{31598CA7-7E56-4D95-93F3-A019C7CDC8CA}.Debug|x86.ActiveCfg = Debug|Any CPU
		{31598CA7-7E56-4D95-93F3-A019C7CDC8CA}.Release|Any CPU.ActiveCfg = Release|Any CPU
		{31598CA7-7E56-4D95-93F3-A019C7CDC8CA}.Release|Any CPU.Build.0 = Release|Any CPU
		{31598CA7-7E56-4D95-93F3-A019C7CDC8CA}.Release|Mixed Platforms.ActiveCfg = Release|Any CPU
		{31598CA7-7E56-4D95-93F3-A019C7CDC8CA}.Release|Mixed Platforms.Build.0 = Release|Any CPU
		{31598CA7-7E56-4D95-93F3-A019C7CDC8CA}.Release|x86.ActiveCfg = Release|Any CPU
		{4E27F81E-1B3F-4214-9F7F-B07A4A3837D1}.Debug|Any CPU.ActiveCfg = Debug|Any CPU
		{4E27F81E-1B3F-4214-9F7F-B07A4A3837D1}.Debug|Any CPU.Build.0 = Debug|Any CPU
		{4E27F81E-1B3F-4214-9F7F-B07A4A3837D1}.Debug|Mixed Platforms.ActiveCfg = Debug|Any CPU
		{4E27F81E-1B3F-4214-9F7F-B07A4A3837D1}.Debug|Mixed Platforms.Build.0 = Debug|Any CPU
		{4E27F81E-1B3F-4214-9F7F-B07A4A3837D1}.Debug|x86.ActiveCfg = Debug|Any CPU
		{4E27F81E-1B3F-4214-9F7F-B07A4A3837D1}.Release|Any CPU.ActiveCfg = Release|Any CPU
		{4E27F81E-1B3F-4214-9F7F-B07A4A3837D1}.Release|Any CPU.Build.0 = Release|Any CPU
		{4E27F81E-1B3F-4214-9F7F-B07A4A3837D1}.Release|Mixed Platforms.ActiveCfg = Release|Any CPU
		{4E27F81E-1B3F-4214-9F7F-B07A4A3837D1}.Release|Mixed Platforms.Build.0 = Release|Any CPU
		{4E27F81E-1B3F-4214-9F7F-B07A4A3837D1}.Release|x86.ActiveCfg = Release|Any CPU
	EndGlobalSection
	GlobalSection(SolutionProperties) = preSolution
		HideSolutionNode = FALSE
	EndGlobalSection
EndGlobal
